
Microsoft Visual Studio Solution File, Format Version 12.00
# Visual Studio Version 17
VisualStudioVersion = 17.0.31919.166
MinimumVisualStudioVersion = 10.0.40219.1
Project("{9A19103F-16F7-4668-BE54-9A1E7A4F7556}") = "VolumeMixer2.0", "VolumeMixer2.0\VolumeMixer2.0.csproj", "{7E7DD1FC-7780-4BC8-96F5-3E45AF43299D}"
EndProject
Project("{9A19103F-16F7-4668-BE54-9A1E7A4F7556}") = "JosLibrary", "..\JosLibrary\JosLibrary\JosLibrary.csproj", "{5D10B3C8-D637-4F76-953F-815FC4964E6A}"
EndProject
Project("{9A19103F-16F7-4668-BE54-9A1E7A4F7556}") = "NotifyIconWpf", "NotifyIconWpf\NotifyIconWpf.csproj", "{6D44E3BF-7889-4599-945E-484CE4464983}"
EndProject
Global
	GlobalSection(SolutionConfigurationPlatforms) = preSolution
		Debug|Any CPU = Debug|Any CPU
		Release|Any CPU = Release|Any CPU
	EndGlobalSection
	GlobalSection(ProjectConfigurationPlatforms) = postSolution
		{7E7DD1FC-7780-4BC8-96F5-3E45AF43299D}.Debug|Any CPU.ActiveCfg = Debug|Any CPU
		{7E7DD1FC-7780-4BC8-96F5-3E45AF43299D}.Debug|Any CPU.Build.0 = Debug|Any CPU
		{7E7DD1FC-7780-4BC8-96F5-3E45AF43299D}.Release|Any CPU.ActiveCfg = Release|Any CPU
		{7E7DD1FC-7780-4BC8-96F5-3E45AF43299D}.Release|Any CPU.Build.0 = Release|Any CPU
		{5D10B3C8-D637-4F76-953F-815FC4964E6A}.Debug|Any CPU.ActiveCfg = Debug|Any CPU
		{5D10B3C8-D637-4F76-953F-815FC4964E6A}.Debug|Any CPU.Build.0 = Debug|Any CPU
		{5D10B3C8-D637-4F76-953F-815FC4964E6A}.Release|Any CPU.ActiveCfg = Release|Any CPU
		{5D10B3C8-D637-4F76-953F-815FC4964E6A}.Release|Any CPU.Build.0 = Release|Any CPU
		{6D44E3BF-7889-4599-945E-484CE4464983}.Debug|Any CPU.ActiveCfg = Debug|Any CPU
		{6D44E3BF-7889-4599-945E-484CE4464983}.Debug|Any CPU.Build.0 = Debug|Any CPU
		{6D44E3BF-7889-4599-945E-484CE4464983}.Release|Any CPU.ActiveCfg = Release|Any CPU
		{6D44E3BF-7889-4599-945E-484CE4464983}.Release|Any CPU.Build.0 = Release|Any CPU
	EndGlobalSection
	GlobalSection(SolutionProperties) = preSolution
		HideSolutionNode = FALSE
	EndGlobalSection
	GlobalSection(ExtensibilityGlobals) = postSolution
		SolutionGuid = {A934B915-0395-4F7C-9206-6D448166020C}
	EndGlobalSection
EndGlobal
